# This file is automatically @generated by Cargo.
# It is not intended for manual editing.
[[package]]
name = "aho-corasick"
version = "0.7.15"
source = "registry+https://github.com/rust-lang/crates.io-index"
checksum = "7404febffaa47dac81aa44dba71523c9d069b1bdc50a77db41195149e17f68e5"
dependencies = [
 "memchr",
]

[[package]]
name = "anyhow"
version = "1.0.38"
source = "registry+https://github.com/rust-lang/crates.io-index"
checksum = "afddf7f520a80dbf76e6f50a35bca42a2331ef227a28b3b6dc5c2e2338d114b1"

[[package]]
name = "atty"
version = "0.2.14"
source = "registry+https://github.com/rust-lang/crates.io-index"
checksum = "d9b39be18770d11421cdb1b9947a45dd3f37e93092cbf377614828a319d5fee8"
dependencies = [
 "hermit-abi",
 "libc",
 "winapi",
]

[[package]]
name = "autocfg"
version = "1.0.1"
source = "registry+https://github.com/rust-lang/crates.io-index"
checksum = "cdb031dd78e28731d87d56cc8ffef4a8f36ca26c38fe2de700543e627f8a464a"

[[package]]
name = "bitflags"
version = "1.2.1"
source = "registry+https://github.com/rust-lang/crates.io-index"
checksum = "cf1de2fe8c75bc145a2f577add951f8134889b4795d47466a54a5c846d691693"

[[package]]
name = "block"
version = "0.1.6"
source = "registry+https://github.com/rust-lang/crates.io-index"
checksum = "0d8c1fef690941d3e7788d328517591fecc684c084084702d6ff1641e993699a"

[[package]]
name = "cairo-rs"
version = "0.13.0"
source = "git+https://github.com/gtk-rs/gtk-rs#e70aacff8ae34a7b5b57f9955490fa81f08e513c"
dependencies = [
 "bitflags",
 "cairo-sys-rs",
 "freetype",
 "glib",
 "libc",
 "thiserror",
]

[[package]]
name = "cairo-sys-rs"
version = "0.13.0"
source = "git+https://github.com/gtk-rs/gtk-rs#e70aacff8ae34a7b5b57f9955490fa81f08e513c"
dependencies = [
 "glib-sys",
 "libc",
 "system-deps",
]

[[package]]
name = "cc"
version = "1.0.66"
source = "registry+https://github.com/rust-lang/crates.io-index"
checksum = "4c0496836a84f8d0495758516b8621a622beb77c0fed418570e50764093ced48"

[[package]]
name = "cfg-if"
version = "0.1.10"
source = "registry+https://github.com/rust-lang/crates.io-index"
checksum = "4785bdd1c96b2a846b2bd7cc02e86b6b3dbf14e7e53446c4f54c92a361040822"

[[package]]
name = "cmake"
version = "0.1.45"
source = "registry+https://github.com/rust-lang/crates.io-index"
checksum = "eb6210b637171dfba4cda12e579ac6dc73f5165ad56133e5d72ef3131f320855"
dependencies = [
 "cc",
]

[[package]]
name = "either"
version = "1.6.1"
source = "registry+https://github.com/rust-lang/crates.io-index"
checksum = "e78d4f1cc4ae33bbfc157ed5d5a5ef3bc29227303d595861deb238fcec4e9457"

[[package]]
name = "env_logger"
version = "0.7.1"
source = "registry+https://github.com/rust-lang/crates.io-index"
checksum = "44533bbbb3bb3c1fa17d9f2e4e38bbbaf8396ba82193c4cb1b6445d711445d36"
dependencies = [
 "atty",
 "humantime",
 "log",
 "regex",
 "termcolor",
]

[[package]]
name = "field-offset"
version = "0.3.2"
source = "registry+https://github.com/rust-lang/crates.io-index"
checksum = "c40e7a744c1d22cd64783732a287dd5d08a9f0e1d89b685bf084aab753cb20d4"
dependencies = [
 "memoffset",
 "rustc_version",
]

[[package]]
name = "freetype"
version = "0.7.0"
source = "registry+https://github.com/rust-lang/crates.io-index"
checksum = "bee38378a9e3db1cc693b4f88d166ae375338a0ff75cb8263e1c601d51f35dc6"
dependencies = [
 "freetype-sys",
 "libc",
]

[[package]]
name = "freetype-sys"
version = "0.13.1"
source = "registry+https://github.com/rust-lang/crates.io-index"
checksum = "a37d4011c0cc628dfa766fcc195454f4b068d7afdc2adfd28861191d866e731a"
dependencies = [
 "cmake",
 "libc",
 "pkg-config",
]

[[package]]
name = "futures-channel"
version = "0.3.11"
source = "registry+https://github.com/rust-lang/crates.io-index"
checksum = "31ebc390c6913de330e418add60e1a7e5af4cb5ec600d19111b339cafcdcc027"
dependencies = [
 "futures-core",
]

[[package]]
name = "futures-core"
version = "0.3.11"
source = "registry+https://github.com/rust-lang/crates.io-index"
checksum = "089bd0baf024d3216916546338fffe4fc8dfffdd901e33c278abb091e0d52111"

[[package]]
name = "futures-executor"
version = "0.3.11"
source = "registry+https://github.com/rust-lang/crates.io-index"
checksum = "d0cb59f15119671c94cd9cc543dc9a50b8d5edc468b4ff5f0bb8567f66c6b48a"
dependencies = [
 "futures-core",
 "futures-task",
 "futures-util",
]

[[package]]
name = "futures-io"
version = "0.3.11"
source = "registry+https://github.com/rust-lang/crates.io-index"
checksum = "3868967e4e5ab86614e2176c99949eeef6cbcacaee737765f6ae693988273997"

[[package]]
name = "futures-task"
version = "0.3.11"
source = "registry+https://github.com/rust-lang/crates.io-index"
checksum = "868090f28a925db6cb7462938c51d807546e298fb314088239f0e52fb4338b96"
dependencies = [
 "once_cell",
]

[[package]]
name = "futures-util"
version = "0.3.11"
source = "registry+https://github.com/rust-lang/crates.io-index"
checksum = "cad5e82786df758d407932aded1235e24d8e2eb438b6adafd37930c2462fb5d1"
dependencies = [
 "futures-core",
 "futures-task",
 "pin-project-lite",
 "pin-utils",
 "slab",
]

[[package]]
name = "gdk-pixbuf"
version = "0.13.0"
source = "git+https://github.com/gtk-rs/gtk-rs#e70aacff8ae34a7b5b57f9955490fa81f08e513c"
dependencies = [
 "gdk-pixbuf-sys",
 "gio",
 "glib",
 "libc",
]

[[package]]
name = "gdk-pixbuf-sys"
version = "0.13.0"
source = "git+https://github.com/gtk-rs/gtk-rs#e70aacff8ae34a7b5b57f9955490fa81f08e513c"
dependencies = [
 "gio-sys",
 "glib-sys",
 "gobject-sys",
 "libc",
 "system-deps",
]

[[package]]
name = "gdk4"
version = "0.1.0"
source = "git+https://github.com/gtk-rs/gtk4-rs#0f06879b6c4fb1870112d613e5837e8befea0d02"
dependencies = [
 "bitflags",
 "cairo-rs",
 "gdk-pixbuf",
 "gdk4-sys",
 "gio",
 "glib",
 "libc",
 "pango",
]

[[package]]
name = "gdk4-sys"
version = "0.1.0"
source = "git+https://github.com/gtk-rs/gtk4-rs#0f06879b6c4fb1870112d613e5837e8befea0d02"
dependencies = [
 "cairo-sys-rs",
 "gdk-pixbuf-sys",
 "gio-sys",
 "glib-sys",
 "gobject-sys",
 "libc",
 "pango-sys",
 "system-deps",
]

[[package]]
name = "gettext-rs"
version = "0.5.0"
source = "registry+https://github.com/rust-lang/crates.io-index"
checksum = "1b95fa19cca70adf9888150e979839ae9bd58f85a1a42e4753699112875189e1"
dependencies = [
 "gettext-sys",
 "locale_config",
]

[[package]]
name = "gettext-sys"
version = "0.19.9"
source = "registry+https://github.com/rust-lang/crates.io-index"
checksum = "e034c4ba5bb796730a6cc5eb0d654c16885006a7c3d6c6603581ed809434f153"
dependencies = [
 "cc",
]

[[package]]
name = "gio"
version = "0.13.0"
source = "git+https://github.com/gtk-rs/gtk-rs#e70aacff8ae34a7b5b57f9955490fa81f08e513c"
dependencies = [
 "bitflags",
 "futures-channel",
 "futures-core",
 "futures-io",
 "gio-sys",
 "glib",
 "libc",
 "once_cell",
 "thiserror",
]

[[package]]
name = "gio-sys"
version = "0.13.0"
source = "git+https://github.com/gtk-rs/gtk-rs#e70aacff8ae34a7b5b57f9955490fa81f08e513c"
dependencies = [
 "glib-sys",
 "gobject-sys",
 "libc",
 "system-deps",
 "winapi",
]

[[package]]
name = "glib"
version = "0.13.0"
source = "git+https://github.com/gtk-rs/gtk-rs#e70aacff8ae34a7b5b57f9955490fa81f08e513c"
dependencies = [
 "bitflags",
 "futures-channel",
 "futures-core",
 "futures-executor",
 "futures-task",
 "glib-macros",
 "glib-sys",
 "gobject-sys",
 "libc",
 "once_cell",
 "smallvec",
]

[[package]]
name = "glib-macros"
version = "0.13.0"
source = "git+https://github.com/gtk-rs/gtk-rs#e70aacff8ae34a7b5b57f9955490fa81f08e513c"
dependencies = [
 "anyhow",
 "heck",
 "itertools",
 "proc-macro-crate",
 "proc-macro-error",
 "proc-macro2",
 "quote",
 "syn",
]

[[package]]
name = "glib-sys"
version = "0.13.0"
source = "git+https://github.com/gtk-rs/gtk-rs#e70aacff8ae34a7b5b57f9955490fa81f08e513c"
dependencies = [
 "libc",
 "system-deps",
]

[[package]]
name = "gobject-sys"
version = "0.13.0"
source = "git+https://github.com/gtk-rs/gtk-rs#e70aacff8ae34a7b5b57f9955490fa81f08e513c"
dependencies = [
 "glib-sys",
 "libc",
 "system-deps",
]

[[package]]
name = "graphene-rs"
version = "0.13.0"
source = "git+https://github.com/gtk-rs/gtk-rs#e70aacff8ae34a7b5b57f9955490fa81f08e513c"
dependencies = [
 "glib",
 "graphene-sys",
 "libc",
]

[[package]]
name = "graphene-sys"
version = "0.13.0"
source = "git+https://github.com/gtk-rs/gtk-rs#e70aacff8ae34a7b5b57f9955490fa81f08e513c"
dependencies = [
 "glib-sys",
 "libc",
 "pkg-config",
 "system-deps",
]

[[package]]
name = "gsk4"
version = "0.1.0"
source = "git+https://github.com/gtk-rs/gtk4-rs#0f06879b6c4fb1870112d613e5837e8befea0d02"
dependencies = [
 "bitflags",
 "cairo-rs",
 "gdk4",
 "glib",
 "graphene-rs",
 "gsk4-sys",
 "libc",
 "pango",
]

[[package]]
name = "gsk4-sys"
version = "0.1.0"
source = "git+https://github.com/gtk-rs/gtk4-rs#0f06879b6c4fb1870112d613e5837e8befea0d02"
dependencies = [
 "cairo-sys-rs",
 "gdk4-sys",
 "glib-sys",
 "gobject-sys",
 "graphene-sys",
 "libc",
 "pango-sys",
 "system-deps",
]

[[package]]
name = "gtk-macros"
version = "0.2.0"
source = "registry+https://github.com/rust-lang/crates.io-index"
checksum = "1874c48e670519ce192093ac906c08a6dde7cb2d18b28722ef237726a39c3a63"

[[package]]
name = "gtk-rust-template"
version = "0.1.0"
dependencies = [
 "gettext-rs",
 "gtk-macros",
 "gtk4",
 "log",
 "once_cell",
 "pretty_env_logger",
]

[[package]]
name = "gtk4"
version = "0.1.0"
source = "git+https://github.com/gtk-rs/gtk4-rs#0f06879b6c4fb1870112d613e5837e8befea0d02"
dependencies = [
 "bitflags",
 "cairo-rs",
 "field-offset",
 "futures-channel",
 "gdk-pixbuf",
 "gdk4",
 "gio",
 "glib",
 "graphene-rs",
 "gsk4",
 "gtk4-macros",
 "gtk4-sys",
 "libc",
 "once_cell",
 "pango",
]

[[package]]
name = "gtk4-macros"
version = "0.1.0"
source = "git+https://github.com/gtk-rs/gtk4-rs#0f06879b6c4fb1870112d613e5837e8befea0d02"
dependencies = [
 "anyhow",
 "heck",
 "itertools",
 "proc-macro-crate",
 "proc-macro-error",
 "proc-macro2",
 "quote",
 "syn",
]

[[package]]
name = "gtk4-sys"
version = "0.1.0"
source = "git+https://github.com/gtk-rs/gtk4-rs#0f06879b6c4fb1870112d613e5837e8befea0d02"
dependencies = [
 "cairo-sys-rs",
 "gdk-pixbuf-sys",
 "gdk4-sys",
 "gio-sys",
 "glib-sys",
 "gobject-sys",
 "graphene-sys",
 "gsk4-sys",
 "libc",
 "pango-sys",
 "system-deps",
]

[[package]]
name = "heck"
version = "0.3.2"
source = "registry+https://github.com/rust-lang/crates.io-index"
checksum = "87cbf45460356b7deeb5e3415b5563308c0a9b057c85e12b06ad551f98d0a6ac"
dependencies = [
 "unicode-segmentation",
]

[[package]]
name = "hermit-abi"
version = "0.1.17"
source = "registry+https://github.com/rust-lang/crates.io-index"
checksum = "5aca5565f760fb5b220e499d72710ed156fdb74e631659e99377d9ebfbd13ae8"
dependencies = [
 "libc",
]

[[package]]
name = "humantime"
version = "1.3.0"
source = "registry+https://github.com/rust-lang/crates.io-index"
checksum = "df004cfca50ef23c36850aaaa59ad52cc70d0e90243c3c7737a4dd32dc7a3c4f"
dependencies = [
 "quick-error",
]

[[package]]
name = "itertools"
version = "0.9.0"
source = "registry+https://github.com/rust-lang/crates.io-index"
checksum = "284f18f85651fe11e8a991b2adb42cb078325c996ed026d994719efcfca1d54b"
dependencies = [
 "either",
]

[[package]]
name = "lazy_static"
version = "1.4.0"
source = "registry+https://github.com/rust-lang/crates.io-index"
checksum = "e2abad23fbc42b3700f2f279844dc832adb2b2eb069b2df918f455c4e18cc646"

[[package]]
name = "libc"
version = "0.2.82"
source = "registry+https://github.com/rust-lang/crates.io-index"
checksum = "89203f3fba0a3795506acaad8ebce3c80c0af93f994d5a1d7a0b1eeb23271929"

[[package]]
name = "locale_config"
version = "0.3.0"
source = "registry+https://github.com/rust-lang/crates.io-index"
checksum = "08d2c35b16f4483f6c26f0e4e9550717a2f6575bcd6f12a53ff0c490a94a6934"
dependencies = [
 "lazy_static",
 "objc",
 "objc-foundation",
 "regex",
 "winapi",
]

[[package]]
name = "log"
version = "0.4.13"
source = "registry+https://github.com/rust-lang/crates.io-index"
checksum = "fcf3805d4480bb5b86070dcfeb9e2cb2ebc148adb753c5cca5f884d1d65a42b2"
dependencies = [
 "cfg-if",
]

[[package]]
name = "malloc_buf"
version = "0.0.6"
source = "registry+https://github.com/rust-lang/crates.io-index"
checksum = "62bb907fe88d54d8d9ce32a3cceab4218ed2f6b7d35617cafe9adf84e43919cb"
dependencies = [
 "libc",
]

[[package]]
name = "memchr"
version = "2.3.4"
source = "registry+https://github.com/rust-lang/crates.io-index"
checksum = "0ee1c47aaa256ecabcaea351eae4a9b01ef39ed810004e298d2511ed284b1525"

[[package]]
name = "memoffset"
version = "0.5.6"
source = "registry+https://github.com/rust-lang/crates.io-index"
checksum = "043175f069eda7b85febe4a74abbaeff828d9f8b448515d3151a14a3542811aa"
dependencies = [
 "autocfg",
]

[[package]]
name = "objc"
version = "0.2.7"
source = "registry+https://github.com/rust-lang/crates.io-index"
checksum = "915b1b472bc21c53464d6c8461c9d3af805ba1ef837e1cac254428f4a77177b1"
dependencies = [
 "malloc_buf",
]

[[package]]
name = "objc-foundation"
version = "0.1.1"
source = "registry+https://github.com/rust-lang/crates.io-index"
checksum = "1add1b659e36c9607c7aab864a76c7a4c2760cd0cd2e120f3fb8b952c7e22bf9"
dependencies = [
 "block",
 "objc",
 "objc_id",
]

[[package]]
name = "objc_id"
version = "0.1.1"
source = "registry+https://github.com/rust-lang/crates.io-index"
checksum = "c92d4ddb4bd7b50d730c215ff871754d0da6b2178849f8a2a2ab69712d0c073b"
dependencies = [
 "objc",
]

[[package]]
name = "once_cell"
version = "1.5.2"
source = "registry+https://github.com/rust-lang/crates.io-index"
checksum = "13bd41f508810a131401606d54ac32a467c97172d74ba7662562ebba5ad07fa0"

[[package]]
name = "pango"
version = "0.13.0"
source = "git+https://github.com/gtk-rs/gtk-rs#e70aacff8ae34a7b5b57f9955490fa81f08e513c"
dependencies = [
 "bitflags",
 "glib",
 "libc",
 "once_cell",
 "pango-sys",
]

[[package]]
name = "pango-sys"
version = "0.13.0"
source = "git+https://github.com/gtk-rs/gtk-rs#e70aacff8ae34a7b5b57f9955490fa81f08e513c"
dependencies = [
 "glib-sys",
 "gobject-sys",
 "libc",
 "system-deps",
]

[[package]]
name = "pin-project-lite"
version = "0.2.4"
source = "registry+https://github.com/rust-lang/crates.io-index"
checksum = "439697af366c49a6d0a010c56a0d97685bc140ce0d377b13a2ea2aa42d64a827"

[[package]]
name = "pin-utils"
version = "0.1.0"
source = "registry+https://github.com/rust-lang/crates.io-index"
checksum = "8b870d8c151b6f2fb93e84a13146138f05d02ed11c7e7c54f8826aaaf7c9f184"

[[package]]
name = "pkg-config"
version = "0.3.19"
source = "registry+https://github.com/rust-lang/crates.io-index"
checksum = "3831453b3449ceb48b6d9c7ad7c96d5ea673e9b470a1dc578c2ce6521230884c"

[[package]]
name = "pretty_env_logger"
version = "0.4.0"
source = "registry+https://github.com/rust-lang/crates.io-index"
checksum = "926d36b9553851b8b0005f1275891b392ee4d2d833852c417ed025477350fb9d"
dependencies = [
 "env_logger",
 "log",
]

[[package]]
name = "proc-macro-crate"
version = "0.1.5"
source = "registry+https://github.com/rust-lang/crates.io-index"
checksum = "1d6ea3c4595b96363c13943497db34af4460fb474a95c43f4446ad341b8c9785"
dependencies = [
 "toml",
]

[[package]]
name = "proc-macro-error"
version = "1.0.4"
source = "registry+https://github.com/rust-lang/crates.io-index"
checksum = "da25490ff9892aab3fcf7c36f08cfb902dd3e71ca0f9f9517bea02a73a5ce38c"
dependencies = [
 "proc-macro-error-attr",
 "proc-macro2",
 "quote",
 "syn",
 "version_check",
]

[[package]]
name = "proc-macro-error-attr"
version = "1.0.4"
source = "registry+https://github.com/rust-lang/crates.io-index"
checksum = "a1be40180e52ecc98ad80b184934baf3d0d29f979574e439af5a55274b35f869"
dependencies = [
 "proc-macro2",
 "quote",
 "version_check",
]

[[package]]
name = "proc-macro2"
version = "1.0.24"
source = "registry+https://github.com/rust-lang/crates.io-index"
checksum = "1e0704ee1a7e00d7bb417d0770ea303c1bccbabf0ef1667dae92b5967f5f8a71"
dependencies = [
 "unicode-xid",
]

[[package]]
name = "quick-error"
version = "1.2.3"
source = "registry+https://github.com/rust-lang/crates.io-index"
checksum = "a1d01941d82fa2ab50be1e79e6714289dd7cde78eba4c074bc5a4374f650dfe0"

[[package]]
name = "quote"
version = "1.0.8"
source = "registry+https://github.com/rust-lang/crates.io-index"
checksum = "991431c3519a3f36861882da93630ce66b52918dcf1b8e2fd66b397fc96f28df"
dependencies = [
 "proc-macro2",
]

[[package]]
name = "regex"
version = "1.4.3"
source = "registry+https://github.com/rust-lang/crates.io-index"
checksum = "d9251239e129e16308e70d853559389de218ac275b515068abc96829d05b948a"
dependencies = [
 "aho-corasick",
 "memchr",
 "regex-syntax",
 "thread_local",
]

[[package]]
name = "regex-syntax"
version = "0.6.22"
source = "registry+https://github.com/rust-lang/crates.io-index"
checksum = "b5eb417147ba9860a96cfe72a0b93bf88fee1744b5636ec99ab20c1aa9376581"

[[package]]
name = "rustc_version"
version = "0.2.3"
source = "registry+https://github.com/rust-lang/crates.io-index"
checksum = "138e3e0acb6c9fb258b19b67cb8abd63c00679d2851805ea151465464fe9030a"
dependencies = [
 "semver",
]

[[package]]
name = "semver"
version = "0.9.0"
source = "registry+https://github.com/rust-lang/crates.io-index"
checksum = "1d7eb9ef2c18661902cc47e535f9bc51b78acd254da71d375c2f6720d9a40403"
dependencies = [
 "semver-parser",
]

[[package]]
name = "semver-parser"
version = "0.7.0"
source = "registry+https://github.com/rust-lang/crates.io-index"
checksum = "388a1df253eca08550bef6c72392cfe7c30914bf41df5269b68cbd6ff8f570a3"

[[package]]
name = "serde"
version = "1.0.119"
source = "registry+https://github.com/rust-lang/crates.io-index"
checksum = "9bdd36f49e35b61d49efd8aa7fc068fd295961fd2286d0b2ee9a4c7a14e99cc3"

[[package]]
name = "slab"
version = "0.4.2"
source = "registry+https://github.com/rust-lang/crates.io-index"
checksum = "c111b5bd5695e56cffe5129854aa230b39c93a305372fdbb2668ca2394eea9f8"

[[package]]
name = "smallvec"
version = "1.6.1"
source = "registry+https://github.com/rust-lang/crates.io-index"
checksum = "fe0f37c9e8f3c5a4a66ad655a93c74daac4ad00c441533bf5c6e7990bb42604e"

[[package]]
name = "strum"
version = "0.20.0"
source = "registry+https://github.com/rust-lang/crates.io-index"
checksum = "7318c509b5ba57f18533982607f24070a55d353e90d4cae30c467cdb2ad5ac5c"

[[package]]
name = "strum_macros"
version = "0.20.1"
source = "registry+https://github.com/rust-lang/crates.io-index"
checksum = "ee8bc6b87a5112aeeab1f4a9f7ab634fe6cbefc4850006df31267f4cfb9e3149"
dependencies = [
 "heck",
 "proc-macro2",
 "quote",
 "syn",
]

[[package]]
name = "syn"
version = "1.0.58"
source = "registry+https://github.com/rust-lang/crates.io-index"
checksum = "cc60a3d73ea6594cd712d830cc1f0390fd71542d8c8cd24e70cc54cdfd5e05d5"
dependencies = [
 "proc-macro2",
 "quote",
 "unicode-xid",
]

[[package]]
name = "system-deps"
version = "2.0.3"
source = "registry+https://github.com/rust-lang/crates.io-index"
checksum = "1b59b8aafd652f3c1469f16e6c223121e8a8dbe40c71475209c1401cff3a67ef"
dependencies = [
 "heck",
 "pkg-config",
 "strum",
 "strum_macros",
 "thiserror",
 "toml",
 "version-compare",
]

[[package]]
name = "termcolor"
version = "1.1.2"
source = "registry+https://github.com/rust-lang/crates.io-index"
checksum = "2dfed899f0eb03f32ee8c6a0aabdb8a7949659e3466561fc0adf54e26d88c5f4"
dependencies = [
 "winapi-util",
]

[[package]]
name = "thiserror"
version = "1.0.23"
source = "registry+https://github.com/rust-lang/crates.io-index"
checksum = "76cc616c6abf8c8928e2fdcc0dbfab37175edd8fb49a4641066ad1364fdab146"
dependencies = [
 "thiserror-impl",
]

[[package]]
name = "thiserror-impl"
version = "1.0.23"
source = "registry+https://github.com/rust-lang/crates.io-index"
checksum = "9be73a2caec27583d0046ef3796c3794f868a5bc813db689eed00c7631275cd1"
dependencies = [
 "proc-macro2",
 "quote",
 "syn",
]

[[package]]
name = "thread_local"
version = "1.1.0"
source = "registry+https://github.com/rust-lang/crates.io-index"
checksum = "bb9bc092d0d51e76b2b19d9d85534ffc9ec2db959a2523cdae0697e2972cd447"
dependencies = [
 "lazy_static",
]

[[package]]
name = "toml"
version = "0.5.8"
source = "registry+https://github.com/rust-lang/crates.io-index"
checksum = "a31142970826733df8241ef35dc040ef98c679ab14d7c3e54d827099b3acecaa"
dependencies = [
 "serde",
]

[[package]]
name = "unicode-segmentation"
version = "1.7.1"
source = "registry+https://github.com/rust-lang/crates.io-index"
checksum = "bb0d2e7be6ae3a5fa87eed5fb451aff96f2573d2694942e40543ae0bbe19c796"

[[package]]
name = "unicode-xid"
version = "0.2.1"
source = "registry+https://github.com/rust-lang/crates.io-index"
checksum = "f7fe0bb3479651439c9112f72b6c505038574c9fbb575ed1bf3b797fa39dd564"

[[package]]
name = "version-compare"
version = "0.0.11"
source = "registry+https://github.com/rust-lang/crates.io-index"
checksum = "1c18c859eead79d8b95d09e4678566e8d70105c4e7b251f707a03df32442661b"

[[package]]
name = "version_check"
version = "0.9.2"
source = "registry+https://github.com/rust-lang/crates.io-index"
checksum = "b5a972e5669d67ba988ce3dc826706fb0a8b01471c088cb0b6110b805cc36aed"

[[package]]
name = "winapi"
version = "0.3.9"
source = "registry+https://github.com/rust-lang/crates.io-index"
checksum = "5c839a674fcd7a98952e593242ea400abe93992746761e38641405d28b00f419"
dependencies = [
 "winapi-i686-pc-windows-gnu",
 "winapi-x86_64-pc-windows-gnu",
]

[[package]]
name = "winapi-i686-pc-windows-gnu"
version = "0.4.0"
source = "registry+https://github.com/rust-lang/crates.io-index"
checksum = "ac3b87c63620426dd9b991e5ce0329eff545bccbbb34f3be09ff6fb6ab51b7b6"

[[package]]
name = "winapi-util"
version = "0.1.5"
source = "registry+https://github.com/rust-lang/crates.io-index"
checksum = "70ec6ce85bb158151cae5e5c87f95a8e97d2c0c4b001223f33a334e3ce5de178"
dependencies = [
 "winapi",
]

[[package]]
name = "winapi-x86_64-pc-windows-gnu"
version = "0.4.0"
source = "registry+https://github.com/rust-lang/crates.io-index"
checksum = "712e227841d057c1ee1cd2fb22fa7e5a5461ae8e48fa2ca79ec42cfc1931183f"
